// !$*UTF8*$!
{
	archiveVersion = 1;
	classes = {
	};
	objectVersion = 56;
	objects = {

/* Begin PBXBuildFile section */
		940A067D29D508A10039DB59 /* SignUpView.swift in Sources */ = {isa = PBXBuildFile; fileRef = 940A067C29D508A10039DB59 /* SignUpView.swift */; };
		945AF6CF29E4A6480086970A /* ProfilePhotoSelectorView.swift in Sources */ = {isa = PBXBuildFile; fileRef = 945AF6CE29E4A6480086970A /* ProfilePhotoSelectorView.swift */; };
		945AF6D129E4B7510086970A /* ImagePicker.swift in Sources */ = {isa = PBXBuildFile; fileRef = 945AF6D029E4B7510086970A /* ImagePicker.swift */; };
		94DB7D4729D46E27009E6076 /* SearchBar.swift in Sources */ = {isa = PBXBuildFile; fileRef = 94DB7D4629D46E27009E6076 /* SearchBar.swift */; };
		94DB7D4B29D4E5E6009E6076 /* SignInView.swift in Sources */ = {isa = PBXBuildFile; fileRef = 94DB7D4A29D4E5E6009E6076 /* SignInView.swift */; };
		94DFBFD629BD469E003E2635 /* PosedApp.swift in Sources */ = {isa = PBXBuildFile; fileRef = 94DFBFD529BD469E003E2635 /* PosedApp.swift */; };
		94DFBFD829BD469E003E2635 /* ContentView.swift in Sources */ = {isa = PBXBuildFile; fileRef = 94DFBFD729BD469E003E2635 /* ContentView.swift */; };
		94DFBFDA29BD469F003E2635 /* Assets.xcassets in Resources */ = {isa = PBXBuildFile; fileRef = 94DFBFD929BD469F003E2635 /* Assets.xcassets */; };
		94DFBFDD29BD469F003E2635 /* Preview Assets.xcassets in Resources */ = {isa = PBXBuildFile; fileRef = 94DFBFDC29BD469F003E2635 /* Preview Assets.xcassets */; };
		94DFBFE729BD469F003E2635 /* PosedTests.swift in Sources */ = {isa = PBXBuildFile; fileRef = 94DFBFE629BD469F003E2635 /* PosedTests.swift */; };
		94DFBFF129BD469F003E2635 /* PosedUITests.swift in Sources */ = {isa = PBXBuildFile; fileRef = 94DFBFF029BD469F003E2635 /* PosedUITests.swift */; };
		94DFBFF329BD469F003E2635 /* PosedUITestsLaunchTests.swift in Sources */ = {isa = PBXBuildFile; fileRef = 94DFBFF229BD469F003E2635 /* PosedUITestsLaunchTests.swift */; };
		94DFC00029BD4822003E2635 /* GoogleService-Info.plist in Resources */ = {isa = PBXBuildFile; fileRef = 94DFBFFF29BD4822003E2635 /* GoogleService-Info.plist */; };
		94DFC00329BD493B003E2635 /* FirebaseAuth in Frameworks */ = {isa = PBXBuildFile; productRef = 94DFC00229BD493B003E2635 /* FirebaseAuth */; };
		94DFC00529BD493B003E2635 /* FirebaseDatabase in Frameworks */ = {isa = PBXBuildFile; productRef = 94DFC00429BD493B003E2635 /* FirebaseDatabase */; };
		94DFC00729BD493B003E2635 /* FirebaseDatabaseSwift in Frameworks */ = {isa = PBXBuildFile; productRef = 94DFC00629BD493B003E2635 /* FirebaseDatabaseSwift */; };
		94DFC00929BD493B003E2635 /* FirebaseFirestore in Frameworks */ = {isa = PBXBuildFile; productRef = 94DFC00829BD493B003E2635 /* FirebaseFirestore */; };
		94DFC00B29BD493B003E2635 /* FirebaseFirestoreSwift in Frameworks */ = {isa = PBXBuildFile; productRef = 94DFC00A29BD493B003E2635 /* FirebaseFirestoreSwift */; };
		94DFC00D29BD493B003E2635 /* FirebaseStorage in Frameworks */ = {isa = PBXBuildFile; productRef = 94DFC00C29BD493B003E2635 /* FirebaseStorage */; };
		94DFC01129BD4F63003E2635 /* ViewModel.swift in Sources */ = {isa = PBXBuildFile; fileRef = 94DFC01029BD4F63003E2635 /* ViewModel.swift */; };
		94DFC01429BD5184003E2635 /* Picture.swift in Sources */ = {isa = PBXBuildFile; fileRef = 94DFC01329BD5184003E2635 /* Picture.swift */; };
		94DFC01729BD57EB003E2635 /* Kingfisher in Frameworks */ = {isa = PBXBuildFile; productRef = 94DFC01629BD57EB003E2635 /* Kingfisher */; };
		94DFC01B29BF95A9003E2635 /* MenuView.swift in Sources */ = {isa = PBXBuildFile; fileRef = 94DFC01A29BF95A9003E2635 /* MenuView.swift */; };
		94DFC01F29BFA7ED003E2635 /* ItemButtonStyle.swift in Sources */ = {isa = PBXBuildFile; fileRef = 94DFC01E29BFA7ED003E2635 /* ItemButtonStyle.swift */; };
		94DFC02129BFA868003E2635 /* ItemView.swift in Sources */ = {isa = PBXBuildFile; fileRef = 94DFC02029BFA868003E2635 /* ItemView.swift */; };
		94DFC02329BFAE7E003E2635 /* CameraView.swift in Sources */ = {isa = PBXBuildFile; fileRef = 94DFC02229BFAE7E003E2635 /* CameraView.swift */; };
		94DFC02729C027AE003E2635 /* CameraModel.swift in Sources */ = {isa = PBXBuildFile; fileRef = 94DFC02629C027AE003E2635 /* CameraModel.swift */; };
		94DFC02A29C0F5F6003E2635 /* PhotoView.swift in Sources */ = {isa = PBXBuildFile; fileRef = 94DFC02929C0F5F6003E2635 /* PhotoView.swift */; };
		94DFC02C29C35469003E2635 /* SinglePicCameraView.swift in Sources */ = {isa = PBXBuildFile; fileRef = 94DFC02B29C35469003E2635 /* SinglePicCameraView.swift */; };
		94DFC02E29C4EBB3003E2635 /* CardView.swift in Sources */ = {isa = PBXBuildFile; fileRef = 94DFC02D29C4EBB3003E2635 /* CardView.swift */; };
		94DFC03029C4EBF2003E2635 /* CardSwipingView.swift in Sources */ = {isa = PBXBuildFile; fileRef = 94DFC02F29C4EBF1003E2635 /* CardSwipingView.swift */; };
/* End PBXBuildFile section */

/* Begin PBXContainerItemProxy section */
		94DFBFE329BD469F003E2635 /* PBXContainerItemProxy */ = {
			isa = PBXContainerItemProxy;
			containerPortal = 94DFBFCA29BD469E003E2635 /* Project object */;
			proxyType = 1;
			remoteGlobalIDString = 94DFBFD129BD469E003E2635;
			remoteInfo = Posed;
		};
		94DFBFED29BD469F003E2635 /* PBXContainerItemProxy */ = {
			isa = PBXContainerItemProxy;
			containerPortal = 94DFBFCA29BD469E003E2635 /* Project object */;
			proxyType = 1;
			remoteGlobalIDString = 94DFBFD129BD469E003E2635;
			remoteInfo = Posed;
		};
/* End PBXContainerItemProxy section */

/* Begin PBXFileReference section */
		940A067C29D508A10039DB59 /* SignUpView.swift */ = {isa = PBXFileReference; lastKnownFileType = sourcecode.swift; path = SignUpView.swift; sourceTree = "<group>"; };
		945AF6CE29E4A6480086970A /* ProfilePhotoSelectorView.swift */ = {isa = PBXFileReference; lastKnownFileType = sourcecode.swift; path = ProfilePhotoSelectorView.swift; sourceTree = "<group>"; };
		945AF6D029E4B7510086970A /* ImagePicker.swift */ = {isa = PBXFileReference; lastKnownFileType = sourcecode.swift; path = ImagePicker.swift; sourceTree = "<group>"; };
		94DB7D4629D46E27009E6076 /* SearchBar.swift */ = {isa = PBXFileReference; lastKnownFileType = sourcecode.swift; path = SearchBar.swift; sourceTree = "<group>"; };
		94DB7D4A29D4E5E6009E6076 /* SignInView.swift */ = {isa = PBXFileReference; lastKnownFileType = sourcecode.swift; path = SignInView.swift; sourceTree = "<group>"; };
		94DFBFD229BD469E003E2635 /* Posed.app */ = {isa = PBXFileReference; explicitFileType = wrapper.application; includeInIndex = 0; path = Posed.app; sourceTree = BUILT_PRODUCTS_DIR; };
		94DFBFD529BD469E003E2635 /* PosedApp.swift */ = {isa = PBXFileReference; lastKnownFileType = sourcecode.swift; path = PosedApp.swift; sourceTree = "<group>"; };
		94DFBFD729BD469E003E2635 /* ContentView.swift */ = {isa = PBXFileReference; lastKnownFileType = sourcecode.swift; path = ContentView.swift; sourceTree = "<group>"; };
		94DFBFD929BD469F003E2635 /* Assets.xcassets */ = {isa = PBXFileReference; lastKnownFileType = folder.assetcatalog; path = Assets.xcassets; sourceTree = "<group>"; };
		94DFBFDC29BD469F003E2635 /* Preview Assets.xcassets */ = {isa = PBXFileReference; lastKnownFileType = folder.assetcatalog; path = "Preview Assets.xcassets"; sourceTree = "<group>"; };
		94DFBFE229BD469F003E2635 /* PosedTests.xctest */ = {isa = PBXFileReference; explicitFileType = wrapper.cfbundle; includeInIndex = 0; path = PosedTests.xctest; sourceTree = BUILT_PRODUCTS_DIR; };
		94DFBFE629BD469F003E2635 /* PosedTests.swift */ = {isa = PBXFileReference; lastKnownFileType = sourcecode.swift; path = PosedTests.swift; sourceTree = "<group>"; };
		94DFBFEC29BD469F003E2635 /* PosedUITests.xctest */ = {isa = PBXFileReference; explicitFileType = wrapper.cfbundle; includeInIndex = 0; path = PosedUITests.xctest; sourceTree = BUILT_PRODUCTS_DIR; };
		94DFBFF029BD469F003E2635 /* PosedUITests.swift */ = {isa = PBXFileReference; lastKnownFileType = sourcecode.swift; path = PosedUITests.swift; sourceTree = "<group>"; };
		94DFBFF229BD469F003E2635 /* PosedUITestsLaunchTests.swift */ = {isa = PBXFileReference; lastKnownFileType = sourcecode.swift; path = PosedUITestsLaunchTests.swift; sourceTree = "<group>"; };
		94DFBFFF29BD4822003E2635 /* GoogleService-Info.plist */ = {isa = PBXFileReference; fileEncoding = 4; lastKnownFileType = text.plist.xml; path = "GoogleService-Info.plist"; sourceTree = "<group>"; };
		94DFC01029BD4F63003E2635 /* ViewModel.swift */ = {isa = PBXFileReference; lastKnownFileType = sourcecode.swift; path = ViewModel.swift; sourceTree = "<group>"; };
		94DFC01329BD5184003E2635 /* Picture.swift */ = {isa = PBXFileReference; lastKnownFileType = sourcecode.swift; path = Picture.swift; sourceTree = "<group>"; };
		94DFC01A29BF95A9003E2635 /* MenuView.swift */ = {isa = PBXFileReference; lastKnownFileType = sourcecode.swift; path = MenuView.swift; sourceTree = "<group>"; };
		94DFC01E29BFA7ED003E2635 /* ItemButtonStyle.swift */ = {isa = PBXFileReference; lastKnownFileType = sourcecode.swift; path = ItemButtonStyle.swift; sourceTree = "<group>"; };
		94DFC02029BFA868003E2635 /* ItemView.swift */ = {isa = PBXFileReference; lastKnownFileType = sourcecode.swift; path = ItemView.swift; sourceTree = "<group>"; };
		94DFC02229BFAE7E003E2635 /* CameraView.swift */ = {isa = PBXFileReference; lastKnownFileType = sourcecode.swift; path = CameraView.swift; sourceTree = "<group>"; };
		94DFC02629C027AE003E2635 /* CameraModel.swift */ = {isa = PBXFileReference; lastKnownFileType = sourcecode.swift; path = CameraModel.swift; sourceTree = "<group>"; };
		94DFC02829C047C4003E2635 /* Info.plist */ = {isa = PBXFileReference; lastKnownFileType = text.plist; path = Info.plist; sourceTree = "<group>"; };
		94DFC02929C0F5F6003E2635 /* PhotoView.swift */ = {isa = PBXFileReference; lastKnownFileType = sourcecode.swift; path = PhotoView.swift; sourceTree = "<group>"; };
		94DFC02B29C35469003E2635 /* SinglePicCameraView.swift */ = {isa = PBXFileReference; lastKnownFileType = sourcecode.swift; path = SinglePicCameraView.swift; sourceTree = "<group>"; };
		94DFC02D29C4EBB3003E2635 /* CardView.swift */ = {isa = PBXFileReference; lastKnownFileType = sourcecode.swift; path = CardView.swift; sourceTree = "<group>"; };
		94DFC02F29C4EBF1003E2635 /* CardSwipingView.swift */ = {isa = PBXFileReference; lastKnownFileType = sourcecode.swift; path = CardSwipingView.swift; sourceTree = "<group>"; };
/* End PBXFileReference section */

/* Begin PBXFrameworksBuildPhase section */
		94DFBFCF29BD469E003E2635 /* Frameworks */ = {
			isa = PBXFrameworksBuildPhase;
			buildActionMask = 2147483647;
			files = (
				94DFC00B29BD493B003E2635 /* FirebaseFirestoreSwift in Frameworks */,
				94DFC00729BD493B003E2635 /* FirebaseDatabaseSwift in Frameworks */,
				94DFC01729BD57EB003E2635 /* Kingfisher in Frameworks */,
				94DFC00929BD493B003E2635 /* FirebaseFirestore in Frameworks */,
				94DFC00529BD493B003E2635 /* FirebaseDatabase in Frameworks */,
				94DFC00329BD493B003E2635 /* FirebaseAuth in Frameworks */,
				94DFC00D29BD493B003E2635 /* FirebaseStorage in Frameworks */,
			);
			runOnlyForDeploymentPostprocessing = 0;
		};
		94DFBFDF29BD469F003E2635 /* Frameworks */ = {
			isa = PBXFrameworksBuildPhase;
			buildActionMask = 2147483647;
			files = (
			);
			runOnlyForDeploymentPostprocessing = 0;
		};
		94DFBFE929BD469F003E2635 /* Frameworks */ = {
			isa = PBXFrameworksBuildPhase;
			buildActionMask = 2147483647;
			files = (
			);
			runOnlyForDeploymentPostprocessing = 0;
		};
/* End PBXFrameworksBuildPhase section */

/* Begin PBXGroup section */
		94DFBFC929BD469E003E2635 = {
			isa = PBXGroup;
			children = (
				94DFBFD429BD469E003E2635 /* Posed */,
				94DFBFE529BD469F003E2635 /* PosedTests */,
				94DFBFEF29BD469F003E2635 /* PosedUITests */,
				94DFBFD329BD469E003E2635 /* Products */,
			);
			sourceTree = "<group>";
		};
		94DFBFD329BD469E003E2635 /* Products */ = {
			isa = PBXGroup;
			children = (
				94DFBFD229BD469E003E2635 /* Posed.app */,
				94DFBFE229BD469F003E2635 /* PosedTests.xctest */,
				94DFBFEC29BD469F003E2635 /* PosedUITests.xctest */,
			);
			name = Products;
			sourceTree = "<group>";
		};
		94DFBFD429BD469E003E2635 /* Posed */ = {
			isa = PBXGroup;
			children = (
				94DFC02829C047C4003E2635 /* Info.plist */,
				94DFC00E29BD4F0D003E2635 /* Views */,
				94DFC00F29BD4F38003E2635 /* ViewModel */,
				94DFC01229BD514C003E2635 /* Models */,
				94DFBFD529BD469E003E2635 /* PosedApp.swift */,
				94DFBFD929BD469F003E2635 /* Assets.xcassets */,
				94DFBFDB29BD469F003E2635 /* Preview Content */,
				94DFBFFF29BD4822003E2635 /* GoogleService-Info.plist */,
			);
			path = Posed;
			sourceTree = "<group>";
		};
		94DFBFDB29BD469F003E2635 /* Preview Content */ = {
			isa = PBXGroup;
			children = (
				94DFBFDC29BD469F003E2635 /* Preview Assets.xcassets */,
			);
			path = "Preview Content";
			sourceTree = "<group>";
		};
		94DFBFE529BD469F003E2635 /* PosedTests */ = {
			isa = PBXGroup;
			children = (
				94DFBFE629BD469F003E2635 /* PosedTests.swift */,
			);
			path = PosedTests;
			sourceTree = "<group>";
		};
		94DFBFEF29BD469F003E2635 /* PosedUITests */ = {
			isa = PBXGroup;
			children = (
				94DFBFF029BD469F003E2635 /* PosedUITests.swift */,
				94DFBFF229BD469F003E2635 /* PosedUITestsLaunchTests.swift */,
			);
			path = PosedUITests;
			sourceTree = "<group>";
		};
		94DFC00E29BD4F0D003E2635 /* Views */ = {
			isa = PBXGroup;
			children = (
				94DFBFD729BD469E003E2635 /* ContentView.swift */,
				94DFC01A29BF95A9003E2635 /* MenuView.swift */,
				94DFC02229BFAE7E003E2635 /* CameraView.swift */,
				94DFC02D29C4EBB3003E2635 /* CardView.swift */,
				94DFC02F29C4EBF1003E2635 /* CardSwipingView.swift */,
				94DFC02B29C35469003E2635 /* SinglePicCameraView.swift */,
				94DFC02929C0F5F6003E2635 /* PhotoView.swift */,
				94DB7D4A29D4E5E6009E6076 /* SignInView.swift */,
				940A067C29D508A10039DB59 /* SignUpView.swift */,
				945AF6CE29E4A6480086970A /* ProfilePhotoSelectorView.swift */,
				945AF6D029E4B7510086970A /* ImagePicker.swift */,
			);
			path = Views;
			sourceTree = "<group>";
		};
		94DFC00F29BD4F38003E2635 /* ViewModel */ = {
			isa = PBXGroup;
			children = (
				94DFC01029BD4F63003E2635 /* ViewModel.swift */,
				94DFC01E29BFA7ED003E2635 /* ItemButtonStyle.swift */,
				94DFC02029BFA868003E2635 /* ItemView.swift */,
				94DB7D4629D46E27009E6076 /* SearchBar.swift */,
			);
			path = ViewModel;
			sourceTree = "<group>";
		};
		94DFC01229BD514C003E2635 /* Models */ = {
			isa = PBXGroup;
			children = (
				94DFC01329BD5184003E2635 /* Picture.swift */,
				94DFC02629C027AE003E2635 /* CameraModel.swift */,
			);
			path = Models;
			sourceTree = "<group>";
		};
/* End PBXGroup section */

/* Begin PBXNativeTarget section */
		94DFBFD129BD469E003E2635 /* Posed */ = {
			isa = PBXNativeTarget;
			buildConfigurationList = 94DFBFF629BD469F003E2635 /* Build configuration list for PBXNativeTarget "Posed" */;
			buildPhases = (
				94DFBFCE29BD469E003E2635 /* Sources */,
				94DFBFCF29BD469E003E2635 /* Frameworks */,
				94DFBFD029BD469E003E2635 /* Resources */,
			);
			buildRules = (
			);
			dependencies = (
			);
			name = Posed;
			packageProductDependencies = (
				94DFC00229BD493B003E2635 /* FirebaseAuth */,
				94DFC00429BD493B003E2635 /* FirebaseDatabase */,
				94DFC00629BD493B003E2635 /* FirebaseDatabaseSwift */,
				94DFC00829BD493B003E2635 /* FirebaseFirestore */,
				94DFC00A29BD493B003E2635 /* FirebaseFirestoreSwift */,
				94DFC00C29BD493B003E2635 /* FirebaseStorage */,
				94DFC01629BD57EB003E2635 /* Kingfisher */,
			);
			productName = Posed;
			productReference = 94DFBFD229BD469E003E2635 /* Posed.app */;
			productType = "com.apple.product-type.application";
		};
		94DFBFE129BD469F003E2635 /* PosedTests */ = {
			isa = PBXNativeTarget;
			buildConfigurationList = 94DFBFF929BD469F003E2635 /* Build configuration list for PBXNativeTarget "PosedTests" */;
			buildPhases = (
				94DFBFDE29BD469F003E2635 /* Sources */,
				94DFBFDF29BD469F003E2635 /* Frameworks */,
				94DFBFE029BD469F003E2635 /* Resources */,
			);
			buildRules = (
			);
			dependencies = (
				94DFBFE429BD469F003E2635 /* PBXTargetDependency */,
			);
			name = PosedTests;
			productName = PosedTests;
			productReference = 94DFBFE229BD469F003E2635 /* PosedTests.xctest */;
			productType = "com.apple.product-type.bundle.unit-test";
		};
		94DFBFEB29BD469F003E2635 /* PosedUITests */ = {
			isa = PBXNativeTarget;
			buildConfigurationList = 94DFBFFC29BD469F003E2635 /* Build configuration list for PBXNativeTarget "PosedUITests" */;
			buildPhases = (
				94DFBFE829BD469F003E2635 /* Sources */,
				94DFBFE929BD469F003E2635 /* Frameworks */,
				94DFBFEA29BD469F003E2635 /* Resources */,
			);
			buildRules = (
			);
			dependencies = (
				94DFBFEE29BD469F003E2635 /* PBXTargetDependency */,
			);
			name = PosedUITests;
			productName = PosedUITests;
			productReference = 94DFBFEC29BD469F003E2635 /* PosedUITests.xctest */;
			productType = "com.apple.product-type.bundle.ui-testing";
		};
/* End PBXNativeTarget section */

/* Begin PBXProject section */
		94DFBFCA29BD469E003E2635 /* Project object */ = {
			isa = PBXProject;
			attributes = {
				BuildIndependentTargetsInParallel = 1;
				LastSwiftUpdateCheck = 1420;
				LastUpgradeCheck = 1420;
				TargetAttributes = {
					94DFBFD129BD469E003E2635 = {
						CreatedOnToolsVersion = 14.2;
					};
					94DFBFE129BD469F003E2635 = {
						CreatedOnToolsVersion = 14.2;
						TestTargetID = 94DFBFD129BD469E003E2635;
					};
					94DFBFEB29BD469F003E2635 = {
						CreatedOnToolsVersion = 14.2;
						TestTargetID = 94DFBFD129BD469E003E2635;
					};
				};
			};
			buildConfigurationList = 94DFBFCD29BD469E003E2635 /* Build configuration list for PBXProject "Posed" */;
			compatibilityVersion = "Xcode 14.0";
			developmentRegion = en;
			hasScannedForEncodings = 0;
			knownRegions = (
				en,
				Base,
			);
			mainGroup = 94DFBFC929BD469E003E2635;
			packageReferences = (
				94DFC00129BD493B003E2635 /* XCRemoteSwiftPackageReference "firebase-ios-sdk" */,
				94DFC01529BD57EB003E2635 /* XCRemoteSwiftPackageReference "Kingfisher" */,
			);
			productRefGroup = 94DFBFD329BD469E003E2635 /* Products */;
			projectDirPath = "";
			projectRoot = "";
			targets = (
				94DFBFD129BD469E003E2635 /* Posed */,
				94DFBFE129BD469F003E2635 /* PosedTests */,
				94DFBFEB29BD469F003E2635 /* PosedUITests */,
			);
		};
/* End PBXProject section */

/* Begin PBXResourcesBuildPhase section */
		94DFBFD029BD469E003E2635 /* Resources */ = {
			isa = PBXResourcesBuildPhase;
			buildActionMask = 2147483647;
			files = (
				94DFBFDD29BD469F003E2635 /* Preview Assets.xcassets in Resources */,
				94DFBFDA29BD469F003E2635 /* Assets.xcassets in Resources */,
				94DFC00029BD4822003E2635 /* GoogleService-Info.plist in Resources */,
			);
			runOnlyForDeploymentPostprocessing = 0;
		};
		94DFBFE029BD469F003E2635 /* Resources */ = {
			isa = PBXResourcesBuildPhase;
			buildActionMask = 2147483647;
			files = (
			);
			runOnlyForDeploymentPostprocessing = 0;
		};
		94DFBFEA29BD469F003E2635 /* Resources */ = {
			isa = PBXResourcesBuildPhase;
			buildActionMask = 2147483647;
			files = (
			);
			runOnlyForDeploymentPostprocessing = 0;
		};
/* End PBXResourcesBuildPhase section */

/* Begin PBXSourcesBuildPhase section */
		94DFBFCE29BD469E003E2635 /* Sources */ = {
			isa = PBXSourcesBuildPhase;
			buildActionMask = 2147483647;
			files = (
				94DFC01F29BFA7ED003E2635 /* ItemButtonStyle.swift in Sources */,
				94DFC02329BFAE7E003E2635 /* CameraView.swift in Sources */,
				94DFC02729C027AE003E2635 /* CameraModel.swift in Sources */,
				945AF6D129E4B7510086970A /* ImagePicker.swift in Sources */,
				94DB7D4B29D4E5E6009E6076 /* SignInView.swift in Sources */,
				94DFC02A29C0F5F6003E2635 /* PhotoView.swift in Sources */,
				94DFC01B29BF95A9003E2635 /* MenuView.swift in Sources */,
				94DFBFD829BD469E003E2635 /* ContentView.swift in Sources */,
				94DFC01129BD4F63003E2635 /* ViewModel.swift in Sources */,
				94DB7D4729D46E27009E6076 /* SearchBar.swift in Sources */,
				94DFC02129BFA868003E2635 /* ItemView.swift in Sources */,
				94DFBFD629BD469E003E2635 /* PosedApp.swift in Sources */,
				945AF6CF29E4A6480086970A /* ProfilePhotoSelectorView.swift in Sources */,
				94DFC01429BD5184003E2635 /* Picture.swift in Sources */,
				940A067D29D508A10039DB59 /* SignUpView.swift in Sources */,
				94DFC03029C4EBF2003E2635 /* CardSwipingView.swift in Sources */,
				94DFC02E29C4EBB3003E2635 /* CardView.swift in Sources */,
				94DFC02C29C35469003E2635 /* SinglePicCameraView.swift in Sources */,
			);
			runOnlyForDeploymentPostprocessing = 0;
		};
		94DFBFDE29BD469F003E2635 /* Sources */ = {
			isa = PBXSourcesBuildPhase;
			buildActionMask = 2147483647;
			files = (
				94DFBFE729BD469F003E2635 /* PosedTests.swift in Sources */,
			);
			runOnlyForDeploymentPostprocessing = 0;
		};
		94DFBFE829BD469F003E2635 /* Sources */ = {
			isa = PBXSourcesBuildPhase;
			buildActionMask = 2147483647;
			files = (
				94DFBFF329BD469F003E2635 /* PosedUITestsLaunchTests.swift in Sources */,
				94DFBFF129BD469F003E2635 /* PosedUITests.swift in Sources */,
			);
			runOnlyForDeploymentPostprocessing = 0;
		};
/* End PBXSourcesBuildPhase section */

/* Begin PBXTargetDependency section */
		94DFBFE429BD469F003E2635 /* PBXTargetDependency */ = {
			isa = PBXTargetDependency;
			target = 94DFBFD129BD469E003E2635 /* Posed */;
			targetProxy = 94DFBFE329BD469F003E2635 /* PBXContainerItemProxy */;
		};
		94DFBFEE29BD469F003E2635 /* PBXTargetDependency */ = {
			isa = PBXTargetDependency;
			target = 94DFBFD129BD469E003E2635 /* Posed */;
			targetProxy = 94DFBFED29BD469F003E2635 /* PBXContainerItemProxy */;
		};
/* End PBXTargetDependency section */

/* Begin XCBuildConfiguration section */
		94DFBFF429BD469F003E2635 /* Debug */ = {
			isa = XCBuildConfiguration;
			buildSettings = {
				ALWAYS_SEARCH_USER_PATHS = NO;
				CLANG_ANALYZER_NONNULL = YES;
				CLANG_ANALYZER_NUMBER_OBJECT_CONVERSION = YES_AGGRESSIVE;
				CLANG_CXX_LANGUAGE_STANDARD = "gnu++20";
				CLANG_ENABLE_MODULES = YES;
				CLANG_ENABLE_OBJC_ARC = YES;
				CLANG_ENABLE_OBJC_WEAK = YES;
				CLANG_WARN_BLOCK_CAPTURE_AUTORELEASING = YES;
				CLANG_WARN_BOOL_CONVERSION = YES;
				CLANG_WARN_COMMA = YES;
				CLANG_WARN_CONSTANT_CONVERSION = YES;
				CLANG_WARN_DEPRECATED_OBJC_IMPLEMENTATIONS = YES;
				CLANG_WARN_DIRECT_OBJC_ISA_USAGE = YES_ERROR;
				CLANG_WARN_DOCUMENTATION_COMMENTS = YES;
				CLANG_WARN_EMPTY_BODY = YES;
				CLANG_WARN_ENUM_CONVERSION = YES;
				CLANG_WARN_INFINITE_RECURSION = YES;
				CLANG_WARN_INT_CONVERSION = YES;
				CLANG_WARN_NON_LITERAL_NULL_CONVERSION = YES;
				CLANG_WARN_OBJC_IMPLICIT_RETAIN_SELF = YES;
				CLANG_WARN_OBJC_LITERAL_CONVERSION = YES;
				CLANG_WARN_OBJC_ROOT_CLASS = YES_ERROR;
				CLANG_WARN_QUOTED_INCLUDE_IN_FRAMEWORK_HEADER = YES;
				CLANG_WARN_RANGE_LOOP_ANALYSIS = YES;
				CLANG_WARN_STRICT_PROTOTYPES = YES;
				CLANG_WARN_SUSPICIOUS_MOVE = YES;
				CLANG_WARN_UNGUARDED_AVAILABILITY = YES_AGGRESSIVE;
				CLANG_WARN_UNREACHABLE_CODE = YES;
				CLANG_WARN__DUPLICATE_METHOD_MATCH = YES;
				COPY_PHASE_STRIP = NO;
				DEBUG_INFORMATION_FORMAT = dwarf;
				ENABLE_STRICT_OBJC_MSGSEND = YES;
				ENABLE_TESTABILITY = YES;
				GCC_C_LANGUAGE_STANDARD = gnu11;
				GCC_DYNAMIC_NO_PIC = NO;
				GCC_NO_COMMON_BLOCKS = YES;
				GCC_OPTIMIZATION_LEVEL = 0;
				GCC_PREPROCESSOR_DEFINITIONS = (
					"DEBUG=1",
					"$(inherited)",
				);
				GCC_WARN_64_TO_32_BIT_CONVERSION = YES;
				GCC_WARN_ABOUT_RETURN_TYPE = YES_ERROR;
				GCC_WARN_UNDECLARED_SELECTOR = YES;
				GCC_WARN_UNINITIALIZED_AUTOS = YES_AGGRESSIVE;
				GCC_WARN_UNUSED_FUNCTION = YES;
				GCC_WARN_UNUSED_VARIABLE = YES;
				IPHONEOS_DEPLOYMENT_TARGET = 16.2;
				MTL_ENABLE_DEBUG_INFO = INCLUDE_SOURCE;
				MTL_FAST_MATH = YES;
				ONLY_ACTIVE_ARCH = YES;
				SDKROOT = iphoneos;
				SWIFT_ACTIVE_COMPILATION_CONDITIONS = DEBUG;
				SWIFT_OPTIMIZATION_LEVEL = "-Onone";
			};
			name = Debug;
		};
		94DFBFF529BD469F003E2635 /* Release */ = {
			isa = XCBuildConfiguration;
			buildSettings = {
				ALWAYS_SEARCH_USER_PATHS = NO;
				CLANG_ANALYZER_NONNULL = YES;
				CLANG_ANALYZER_NUMBER_OBJECT_CONVERSION = YES_AGGRESSIVE;
				CLANG_CXX_LANGUAGE_STANDARD = "gnu++20";
				CLANG_ENABLE_MODULES = YES;
				CLANG_ENABLE_OBJC_ARC = YES;
				CLANG_ENABLE_OBJC_WEAK = YES;
				CLANG_WARN_BLOCK_CAPTURE_AUTORELEASING = YES;
				CLANG_WARN_BOOL_CONVERSION = YES;
				CLANG_WARN_COMMA = YES;
				CLANG_WARN_CONSTANT_CONVERSION = YES;
				CLANG_WARN_DEPRECATED_OBJC_IMPLEMENTATIONS = YES;
				CLANG_WARN_DIRECT_OBJC_ISA_USAGE = YES_ERROR;
				CLANG_WARN_DOCUMENTATION_COMMENTS = YES;
				CLANG_WARN_EMPTY_BODY = YES;
				CLANG_WARN_ENUM_CONVERSION = YES;
				CLANG_WARN_INFINITE_RECURSION = YES;
				CLANG_WARN_INT_CONVERSION = YES;
				CLANG_WARN_NON_LITERAL_NULL_CONVERSION = YES;
				CLANG_WARN_OBJC_IMPLICIT_RETAIN_SELF = YES;
				CLANG_WARN_OBJC_LITERAL_CONVERSION = YES;
				CLANG_WARN_OBJC_ROOT_CLASS = YES_ERROR;
				CLANG_WARN_QUOTED_INCLUDE_IN_FRAMEWORK_HEADER = YES;
				CLANG_WARN_RANGE_LOOP_ANALYSIS = YES;
				CLANG_WARN_STRICT_PROTOTYPES = YES;
				CLANG_WARN_SUSPICIOUS_MOVE = YES;
				CLANG_WARN_UNGUARDED_AVAILABILITY = YES_AGGRESSIVE;
				CLANG_WARN_UNREACHABLE_CODE = YES;
				CLANG_WARN__DUPLICATE_METHOD_MATCH = YES;
				COPY_PHASE_STRIP = NO;
				DEBUG_INFORMATION_FORMAT = "dwarf-with-dsym";
				ENABLE_NS_ASSERTIONS = NO;
				ENABLE_STRICT_OBJC_MSGSEND = YES;
				GCC_C_LANGUAGE_STANDARD = gnu11;
				GCC_NO_COMMON_BLOCKS = YES;
				GCC_WARN_64_TO_32_BIT_CONVERSION = YES;
				GCC_WARN_ABOUT_RETURN_TYPE = YES_ERROR;
				GCC_WARN_UNDECLARED_SELECTOR = YES;
				GCC_WARN_UNINITIALIZED_AUTOS = YES_AGGRESSIVE;
				GCC_WARN_UNUSED_FUNCTION = YES;
				GCC_WARN_UNUSED_VARIABLE = YES;
				IPHONEOS_DEPLOYMENT_TARGET = 16.2;
				MTL_ENABLE_DEBUG_INFO = NO;
				MTL_FAST_MATH = YES;
				SDKROOT = iphoneos;
				SWIFT_COMPILATION_MODE = wholemodule;
				SWIFT_OPTIMIZATION_LEVEL = "-O";
				VALIDATE_PRODUCT = YES;
			};
			name = Release;
		};
		94DFBFF729BD469F003E2635 /* Debug */ = {
			isa = XCBuildConfiguration;
			buildSettings = {
				ASSETCATALOG_COMPILER_APPICON_NAME = AppIcon;
				ASSETCATALOG_COMPILER_GLOBAL_ACCENT_COLOR_NAME = AccentColor;
				CODE_SIGN_STYLE = Automatic;
				CURRENT_PROJECT_VERSION = 1;
				DEVELOPMENT_ASSET_PATHS = "\"Posed/Preview Content\"";
				DEVELOPMENT_TEAM = QZQ4U5K473;
				ENABLE_PREVIEWS = YES;
				GENERATE_INFOPLIST_FILE = YES;
				INFOPLIST_FILE = Posed/Info.plist;
				INFOPLIST_KEY_CFBundleDisplayName = "";
				INFOPLIST_KEY_LSApplicationCategoryType = fun;
				INFOPLIST_KEY_NSCameraUsageDescription = "Please allow to take photos";
				INFOPLIST_KEY_NSPhotoLibraryAddUsageDescription = "";
				INFOPLIST_KEY_NSPhotoLibraryUsageDescription = "Please Allow to Select Profile Photo";
				INFOPLIST_KEY_UIApplicationSceneManifest_Generation = YES;
				INFOPLIST_KEY_UIApplicationSupportsIndirectInputEvents = YES;
				INFOPLIST_KEY_UILaunchScreen_Generation = YES;
				INFOPLIST_KEY_UISupportedInterfaceOrientations_iPad = "UIInterfaceOrientationPortrait UIInterfaceOrientationPortraitUpsideDown UIInterfaceOrientationLandscapeLeft UIInterfaceOrientationLandscapeRight";
				INFOPLIST_KEY_UISupportedInterfaceOrientations_iPhone = "UIInterfaceOrientationPortrait UIInterfaceOrientationLandscapeLeft UIInterfaceOrientationLandscapeRight";
				LD_RUNPATH_SEARCH_PATHS = (
					"$(inherited)",
					"@executable_path/Frameworks",
				);
				MARKETING_VERSION = 1.0;
				PRODUCT_BUNDLE_IDENTIFIER = Ryan.Posed;
				PRODUCT_NAME = "$(TARGET_NAME)";
				SWIFT_EMIT_LOC_STRINGS = YES;
				SWIFT_VERSION = 5.0;
				TARGETED_DEVICE_FAMILY = "1,2";
			};
			name = Debug;
		};
		94DFBFF829BD469F003E2635 /* Release */ = {
			isa = XCBuildConfiguration;
			buildSettings = {
				ASSETCATALOG_COMPILER_APPICON_NAME = AppIcon;
				ASSETCATALOG_COMPILER_GLOBAL_ACCENT_COLOR_NAME = AccentColor;
				CODE_SIGN_STYLE = Automatic;
				CURRENT_PROJECT_VERSION = 1;
				DEVELOPMENT_ASSET_PATHS = "\"Posed/Preview Content\"";
				DEVELOPMENT_TEAM = QZQ4U5K473;
				ENABLE_PREVIEWS = YES;
				GENERATE_INFOPLIST_FILE = YES;
				INFOPLIST_FILE = Posed/Info.plist;
				INFOPLIST_KEY_CFBundleDisplayName = "";
				INFOPLIST_KEY_LSApplicationCategoryType = fun;
				INFOPLIST_KEY_NSCameraUsageDescription = "Please allow to take photos";
				INFOPLIST_KEY_NSPhotoLibraryAddUsageDescription = "";
				INFOPLIST_KEY_NSPhotoLibraryUsageDescription = "Please Allow to Select Profile Photo";
				INFOPLIST_KEY_UIApplicationSceneManifest_Generation = YES;
				INFOPLIST_KEY_UIApplicationSupportsIndirectInputEvents = YES;
				INFOPLIST_KEY_UILaunchScreen_Generation = YES;
				INFOPLIST_KEY_UISupportedInterfaceOrientations_iPad = "UIInterfaceOrientationPortrait UIInterfaceOrientationPortraitUpsideDown UIInterfaceOrientationLandscapeLeft UIInterfaceOrientationLandscapeRight";
				INFOPLIST_KEY_UISupportedInterfaceOrientations_iPhone = "UIInterfaceOrientationPortrait UIInterfaceOrientationLandscapeLeft UIInterfaceOrientationLandscapeRight";
				LD_RUNPATH_SEARCH_PATHS = (
					"$(inherited)",
					"@executable_path/Frameworks",
				);
				MARKETING_VERSION = 1.0;
				PRODUCT_BUNDLE_IDENTIFIER = Ryan.Posed;
				PRODUCT_NAME = "$(TARGET_NAME)";
				SWIFT_EMIT_LOC_STRINGS = YES;
				SWIFT_VERSION = 5.0;
				TARGETED_DEVICE_FAMILY = "1,2";
			};
			name = Release;
		};
		94DFBFFA29BD469F003E2635 /* Debug */ = {
			isa = XCBuildConfiguration;
			buildSettings = {
				ALWAYS_EMBED_SWIFT_STANDARD_LIBRARIES = YES;
				BUNDLE_LOADER = "$(TEST_HOST)";
				CODE_SIGN_STYLE = Automatic;
				CURRENT_PROJECT_VERSION = 1;
				DEVELOPMENT_TEAM = QZQ4U5K473;
				GENERATE_INFOPLIST_FILE = YES;
				IPHONEOS_DEPLOYMENT_TARGET = 16.2;
				MARKETING_VERSION = 1.0;
				PRODUCT_BUNDLE_IDENTIFIER = Ryan.PosedTests;
				PRODUCT_NAME = "$(TARGET_NAME)";
				SWIFT_EMIT_LOC_STRINGS = NO;
				SWIFT_VERSION = 5.0;
				TARGETED_DEVICE_FAMILY = "1,2";
				TEST_HOST = "$(BUILT_PRODUCTS_DIR)/Posed.app/$(BUNDLE_EXECUTABLE_FOLDER_PATH)/Posed";
			};
			name = Debug;
		};
		94DFBFFB29BD469F003E2635 /* Release */ = {
			isa = XCBuildConfiguration;
			buildSettings = {
				ALWAYS_EMBED_SWIFT_STANDARD_LIBRARIES = YES;
				BUNDLE_LOADER = "$(TEST_HOST)";
				CODE_SIGN_STYLE = Automatic;
				CURRENT_PROJECT_VERSION = 1;
				DEVELOPMENT_TEAM = QZQ4U5K473;
				GENERATE_INFOPLIST_FILE = YES;
				IPHONEOS_DEPLOYMENT_TARGET = 16.2;
				MARKETING_VERSION = 1.0;
				PRODUCT_BUNDLE_IDENTIFIER = Ryan.PosedTests;
				PRODUCT_NAME = "$(TARGET_NAME)";
				SWIFT_EMIT_LOC_STRINGS = NO;
				SWIFT_VERSION = 5.0;
				TARGETED_DEVICE_FAMILY = "1,2";
				TEST_HOST = "$(BUILT_PRODUCTS_DIR)/Posed.app/$(BUNDLE_EXECUTABLE_FOLDER_PATH)/Posed";
			};
			name = Release;
		};
		94DFBFFD29BD469F003E2635 /* Debug */ = {
			isa = XCBuildConfiguration;
			buildSettings = {
				ALWAYS_EMBED_SWIFT_STANDARD_LIBRARIES = YES;
				CODE_SIGN_STYLE = Automatic;
				CURRENT_PROJECT_VERSION = 1;
				DEVELOPMENT_TEAM = QZQ4U5K473;
				GENERATE_INFOPLIST_FILE = YES;
				MARKETING_VERSION = 1.0;
				PRODUCT_BUNDLE_IDENTIFIER = Ryan.PosedUITests;
				PRODUCT_NAME = "$(TARGET_NAME)";
				SWIFT_EMIT_LOC_STRINGS = NO;
				SWIFT_VERSION = 5.0;
				TARGETED_DEVICE_FAMILY = "1,2";
				TEST_TARGET_NAME = Posed;
			};
			name = Debug;
		};
		94DFBFFE29BD469F003E2635 /* Release */ = {
			isa = XCBuildConfiguration;
			buildSettings = {
				ALWAYS_EMBED_SWIFT_STANDARD_LIBRARIES = YES;
				CODE_SIGN_STYLE = Automatic;
				CURRENT_PROJECT_VERSION = 1;
				DEVELOPMENT_TEAM = QZQ4U5K473;
				GENERATE_INFOPLIST_FILE = YES;
				MARKETING_VERSION = 1.0;
				PRODUCT_BUNDLE_IDENTIFIER = Ryan.PosedUITests;
				PRODUCT_NAME = "$(TARGET_NAME)";
				SWIFT_EMIT_LOC_STRINGS = NO;
				SWIFT_VERSION = 5.0;
				TARGETED_DEVICE_FAMILY = "1,2";
				TEST_TARGET_NAME = Posed;
			};
			name = Release;
		};
/* End XCBuildConfiguration section */

/* Begin XCConfigurationList section */
		94DFBFCD29BD469E003E2635 /* Build configuration list for PBXProject "Posed" */ = {
			isa = XCConfigurationList;
			buildConfigurations = (
				94DFBFF429BD469F003E2635 /* Debug */,
				94DFBFF529BD469F003E2635 /* Release */,
			);
			defaultConfigurationIsVisible = 0;
			defaultConfigurationName = Release;
		};
		94DFBFF629BD469F003E2635 /* Build configuration list for PBXNativeTarget "Posed" */ = {
			isa = XCConfigurationList;
			buildConfigurations = (
				94DFBFF729BD469F003E2635 /* Debug */,
				94DFBFF829BD469F003E2635 /* Release */,
			);
			defaultConfigurationIsVisible = 0;
			defaultConfigurationName = Release;
		};
		94DFBFF929BD469F003E2635 /* Build configuration list for PBXNativeTarget "PosedTests" */ = {
			isa = XCConfigurationList;
			buildConfigurations = (
				94DFBFFA29BD469F003E2635 /* Debug */,
				94DFBFFB29BD469F003E2635 /* Release */,
			);
			defaultConfigurationIsVisible = 0;
			defaultConfigurationName = Release;
		};
		94DFBFFC29BD469F003E2635 /* Build configuration list for PBXNativeTarget "PosedUITests" */ = {
			isa = XCConfigurationList;
			buildConfigurations = (
				94DFBFFD29BD469F003E2635 /* Debug */,
				94DFBFFE29BD469F003E2635 /* Release */,
			);
			defaultConfigurationIsVisible = 0;
			defaultConfigurationName = Release;
		};
/* End XCConfigurationList section */

/* Begin XCRemoteSwiftPackageReference section */
		94DFC00129BD493B003E2635 /* XCRemoteSwiftPackageReference "firebase-ios-sdk" */ = {
			isa = XCRemoteSwiftPackageReference;
			repositoryURL = "https://github.com/firebase/firebase-ios-sdk";
			requirement = {
				branch = master;
				kind = branch;
			};
		};
		94DFC01529BD57EB003E2635 /* XCRemoteSwiftPackageReference "Kingfisher" */ = {
			isa = XCRemoteSwiftPackageReference;
			repositoryURL = "https://github.com/onevcat/Kingfisher.git";
			requirement = {
				branch = master;
				kind = branch;
			};
		};
/* End XCRemoteSwiftPackageReference section */

/* Begin XCSwiftPackageProductDependency section */
		94DFC00229BD493B003E2635 /* FirebaseAuth */ = {
			isa = XCSwiftPackageProductDependency;
			package = 94DFC00129BD493B003E2635 /* XCRemoteSwiftPackageReference "firebase-ios-sdk" */;
			productName = FirebaseAuth;
		};
		94DFC00429BD493B003E2635 /* FirebaseDatabase */ = {
			isa = XCSwiftPackageProductDependency;
			package = 94DFC00129BD493B003E2635 /* XCRemoteSwiftPackageReference "firebase-ios-sdk" */;
			productName = FirebaseDatabase;
		};
		94DFC00629BD493B003E2635 /* FirebaseDatabaseSwift */ = {
			isa = XCSwiftPackageProductDependency;
			package = 94DFC00129BD493B003E2635 /* XCRemoteSwiftPackageReference "firebase-ios-sdk" */;
			productName = FirebaseDatabaseSwift;
		};
		94DFC00829BD493B003E2635 /* FirebaseFirestore */ = {
			isa = XCSwiftPackageProductDependency;
			package = 94DFC00129BD493B003E2635 /* XCRemoteSwiftPackageReference "firebase-ios-sdk" */;
			productName = FirebaseFirestore;
		};
		94DFC00A29BD493B003E2635 /* FirebaseFirestoreSwift */ = {
			isa = XCSwiftPackageProductDependency;
			package = 94DFC00129BD493B003E2635 /* XCRemoteSwiftPackageReference "firebase-ios-sdk" */;
			productName = FirebaseFirestoreSwift;
		};
		94DFC00C29BD493B003E2635 /* FirebaseStorage */ = {
			isa = XCSwiftPackageProductDependency;
			package = 94DFC00129BD493B003E2635 /* XCRemoteSwiftPackageReference "firebase-ios-sdk" */;
			productName = FirebaseStorage;
		};
		94DFC01629BD57EB003E2635 /* Kingfisher */ = {
			isa = XCSwiftPackageProductDependency;
			package = 94DFC01529BD57EB003E2635 /* XCRemoteSwiftPackageReference "Kingfisher" */;
			productName = Kingfisher;
		};
/* End XCSwiftPackageProductDependency section */
	};
	rootObject = 94DFBFCA29BD469E003E2635 /* Project object */;
}
